
Microsoft Visual Studio Solution File, Format Version 12.00
# Visual Studio Version 17
VisualStudioVersion = 17.0.32014.148
MinimumVisualStudioVersion = 10.0.40219.1
Project("{9A19103F-16F7-4668-BE54-9A1E7A4F7556}") = "Rock-Paper-Scissors", "Rock-Paper-Scissors\Rock-Paper-Scissors.csproj", "{758FDA01-5B9F-425C-AF16-CF5548EAE088}"
EndProject
Project("{9A19103F-16F7-4668-BE54-9A1E7A4F7556}") = "Ship-Captain-Crew", "Ship-Captain-Crew\Ship-Captain-Crew.csproj", "{C1D54418-DBF8-42D2-9454-00ADBC6F3C6D}"
EndProject
Project("{FAE04EC0-301F-11D3-BF4B-00C04F79EFBC}") = "Tick-Tack-Toe", "Tick-Tack-Toe\Tick-Tack-Toe.csproj", "{5D900635-3C9E-41FC-BB5D-3F54E9CDD384}"
EndProject
Global
	GlobalSection(SolutionConfigurationPlatforms) = preSolution
		Debug|Any CPU = Debug|Any CPU
		Release|Any CPU = Release|Any CPU
	EndGlobalSection
	GlobalSection(ProjectConfigurationPlatforms) = postSolution
		{758FDA01-5B9F-425C-AF16-CF5548EAE088}.Debug|Any CPU.ActiveCfg = Debug|Any CPU
		{758FDA01-5B9F-425C-AF16-CF5548EAE088}.Debug|Any CPU.Build.0 = Debug|Any CPU
		{758FDA01-5B9F-425C-AF16-CF5548EAE088}.Release|Any CPU.ActiveCfg = Release|Any CPU
		{758FDA01-5B9F-425C-AF16-CF5548EAE088}.Release|Any CPU.Build.0 = Release|Any CPU
		{C1D54418-DBF8-42D2-9454-00ADBC6F3C6D}.Debug|Any CPU.ActiveCfg = Debug|Any CPU
		{C1D54418-DBF8-42D2-9454-00ADBC6F3C6D}.Debug|Any CPU.Build.0 = Debug|Any CPU
		{C1D54418-DBF8-42D2-9454-00ADBC6F3C6D}.Release|Any CPU.ActiveCfg = Release|Any CPU
		{C1D54418-DBF8-42D2-9454-00ADBC6F3C6D}.Release|Any CPU.Build.0 = Release|Any CPU
		{5D900635-3C9E-41FC-BB5D-3F54E9CDD384}.Debug|Any CPU.ActiveCfg = Debug|Any CPU
		{5D900635-3C9E-41FC-BB5D-3F54E9CDD384}.Debug|Any CPU.Build.0 = Debug|Any CPU
		{5D900635-3C9E-41FC-BB5D-3F54E9CDD384}.Release|Any CPU.ActiveCfg = Release|Any CPU
		{5D900635-3C9E-41FC-BB5D-3F54E9CDD384}.Release|Any CPU.Build.0 = Release|Any CPU
	EndGlobalSection
	GlobalSection(SolutionProperties) = preSolution
		HideSolutionNode = FALSE
	EndGlobalSection
	GlobalSection(ExtensibilityGlobals) = postSolution
		SolutionGuid = {6394AE62-4079-467B-9B88-E3366103BD5F}
	EndGlobalSection
EndGlobal
